lockfileVersion: '9.0'

settings:
  autoInstallPeers: true
  excludeLinksFromLockfile: false

importers:

  .:
    dependencies:
      '@aws-sdk/client-dynamodb':
        specifier: ^3.734.0
        version: 3.738.0
      '@aws-sdk/lib-dynamodb':
        specifier: ^3.734.0
        version: 3.738.0(@aws-sdk/client-dynamodb@3.738.0)
      '@heroicons/react':
        specifier: ^2.2.0
        version: 2.2.0(react@19.0.0)
      '@redis/client':
        specifier: ^1.6.0
        version: 1.6.0
      daisyui:
        specifier: ^4.12.23
        version: 4.12.23(postcss@8.5.1)
      redis:
        specifier: ^4.7.0
        version: 4.7.0
      use-debounce:
        specifier: ^10.0.4
        version: 10.0.4(react@19.0.0)

packages:

  '@aws-crypto/sha256-browser@5.2.0':
    resolution: {integrity: sha512-AXfN/lGotSQwu6HNcEsIASo7kWXZ5HYWvfOmSNKDsEqC4OashTp8alTmaz+F7TC2L083SFv5RdB+qU3Vs1kZqw==}

  '@aws-crypto/sha256-js@5.2.0':
    resolution: {integrity: sha512-FFQQyu7edu4ufvIZ+OadFpHHOt+eSTBaYaki44c+akjg7qZg9oOQeLlk77F6tSYqjDAFClrHJk9tMf0HdVyOvA==}
    engines: {node: '>=16.0.0'}

  '@aws-crypto/supports-web-crypto@5.2.0':
    resolution: {integrity: sha512-iAvUotm021kM33eCdNfwIN//F77/IADDSs58i+MDaOqFrVjZo9bAal0NK7HurRuWLLpF1iLX7gbWrjHjeo+YFg==}

  '@aws-crypto/util@5.2.0':
    resolution: {integrity: sha512-4RkU9EsI6ZpBve5fseQlGNUWKMa1RLPQ1dnjnQoe07ldfIzcsGb5hC5W0Dm7u423KWzawlrpbjXBrXCEv9zazQ==}

  '@aws-sdk/client-dynamodb@3.738.0':
    resolution: {integrity: sha512-ui8mCwdK96dtPVrwaCt5k1pimohtJQR/yfvECyDhbuaIybMxa51rr1DefWd1MmC7UtGJkPnS2Txtng9UJKYsFA==}
    engines: {node: '>=18.0.0'}

  '@aws-sdk/client-sso@3.734.0':
    resolution: {integrity: sha512-oerepp0mut9VlgTwnG5Ds/lb0C0b2/rQ+hL/rF6q+HGKPfGsCuPvFx1GtwGKCXd49ase88/jVgrhcA9OQbz3kg==}
    engines: {node: '>=18.0.0'}

  '@aws-sdk/core@3.734.0':
    resolution: {integrity: sha512-SxnDqf3vobdm50OLyAKfqZetv6zzwnSqwIwd3jrbopxxHKqNIM/I0xcYjD6Tn+mPig+u7iRKb9q3QnEooFTlmg==}
    engines: {node: '>=18.0.0'}

  '@aws-sdk/credential-provider-env@3.734.0':
    resolution: {integrity: sha512-gtRkzYTGafnm1FPpiNO8VBmJrYMoxhDlGPYDVcijzx3DlF8dhWnowuSBCxLSi+MJMx5hvwrX2A+e/q0QAeHqmw==}
    engines: {node: '>=18.0.0'}

  '@aws-sdk/credential-provider-http@3.734.0':
    resolution: {integrity: sha512-JFSL6xhONsq+hKM8xroIPhM5/FOhiQ1cov0lZxhzZWj6Ai3UAjucy3zyIFDr9MgP1KfCYNdvyaUq9/o+HWvEDg==}
    engines: {node: '>=18.0.0'}

  '@aws-sdk/credential-provider-ini@3.734.0':
    resolution: {integrity: sha512-HEyaM/hWI7dNmb4NhdlcDLcgJvrilk8G4DQX6qz0i4pBZGC2l4iffuqP8K6ZQjUfz5/6894PzeFuhTORAMd+cg==}
    engines: {node: '>=18.0.0'}

  '@aws-sdk/credential-provider-node@3.738.0':
    resolution: {integrity: sha512-3MuREsazwBxghKb2sQQHvie+uuK4dX4/ckFYiSoffzJQd0YHxaGxf8cr4NOSCQCUesWu8D3Y0SzlnHGboVSkpA==}
    engines: {node: '>=18.0.0'}

  '@aws-sdk/credential-provider-process@3.734.0':
    resolution: {integrity: sha512-zvjsUo+bkYn2vjT+EtLWu3eD6me+uun+Hws1IyWej/fKFAqiBPwyeyCgU7qjkiPQSXqk1U9+/HG9IQ6Iiz+eBw==}
    engines: {node: '>=18.0.0'}

  '@aws-sdk/credential-provider-sso@3.734.0':
    resolution: {integrity: sha512-cCwwcgUBJOsV/ddyh1OGb4gKYWEaTeTsqaAK19hiNINfYV/DO9r4RMlnWAo84sSBfJuj9shUNsxzyoe6K7R92Q==}
    engines: {node: '>=18.0.0'}

  '@aws-sdk/credential-provider-web-identity@3.734.0':
    resolution: {integrity: sha512-t4OSOerc+ppK541/Iyn1AS40+2vT/qE+MFMotFkhCgCJbApeRF2ozEdnDN6tGmnl4ybcUuxnp9JWLjwDVlR/4g==}
    engines: {node: '>=18.0.0'}

  '@aws-sdk/endpoint-cache@3.723.0':
    resolution: {integrity: sha512-2+a4WXRc+07uiPR+zJiPGKSOWaNJQNqitkks+6Hhm/haTLJqNVTgY2OWDh2PXvwMNpKB+AlGdhE65Oy6NzUgXg==}
    engines: {node: '>=18.0.0'}

  '@aws-sdk/lib-dynamodb@3.738.0':
    resolution: {integrity: sha512-bcpplz2MwQYU3vouVuxrKDCWSCSOx/QMlpOvDpYyFZXu4egYbN1O5aEly9f3LKB4JK7kWE+JBt7VVUMip8/+1A==}
    engines: {node: '>=18.0.0'}
    peerDependencies:
      '@aws-sdk/client-dynamodb': ^3.738.0

  '@aws-sdk/middleware-endpoint-discovery@3.734.0':
    resolution: {integrity: sha512-hE3x9Sbqy64g/lcFIq7BF9IS1tSOyfBCyHf1xBgevWeFIDTWh647URuCNWoEwtw4HMEhO2MDUQcKf1PFh1dNDA==}
    engines: {node: '>=18.0.0'}

  '@aws-sdk/middleware-host-header@3.734.0':
    resolution: {integrity: sha512-LW7RRgSOHHBzWZnigNsDIzu3AiwtjeI2X66v+Wn1P1u+eXssy1+up4ZY/h+t2sU4LU36UvEf+jrZti9c6vRnFw==}
    engines: {node: '>=18.0.0'}

  '@aws-sdk/middleware-logger@3.734.0':
    resolution: {integrity: sha512-mUMFITpJUW3LcKvFok176eI5zXAUomVtahb9IQBwLzkqFYOrMJvWAvoV4yuxrJ8TlQBG8gyEnkb9SnhZvjg67w==}
    engines: {node: '>=18.0.0'}

  '@aws-sdk/middleware-recursion-detection@3.734.0':
    resolution: {integrity: sha512-CUat2d9ITsFc2XsmeiRQO96iWpxSKYFjxvj27Hc7vo87YUHRnfMfnc8jw1EpxEwMcvBD7LsRa6vDNky6AjcrFA==}
    engines: {node: '>=18.0.0'}

  '@aws-sdk/middleware-user-agent@3.734.0':
    resolution: {integrity: sha512-MFVzLWRkfFz02GqGPjqSOteLe5kPfElUrXZft1eElnqulqs6RJfVSpOV7mO90gu293tNAeggMWAVSGRPKIYVMg==}
    engines: {node: '>=18.0.0'}

  '@aws-sdk/nested-clients@3.734.0':
    resolution: {integrity: sha512-iph2XUy8UzIfdJFWo1r0Zng9uWj3253yvW9gljhtu+y/LNmNvSnJxQk1f3D2BC5WmcoPZqTS3UsycT3mLPSzWA==}
    engines: {node: '>=18.0.0'}

  '@aws-sdk/region-config-resolver@3.734.0':
    resolution: {integrity: sha512-Lvj1kPRC5IuJBr9DyJ9T9/plkh+EfKLy+12s/mykOy1JaKHDpvj+XGy2YO6YgYVOb8JFtaqloid+5COtje4JTQ==}
    engines: {node: '>=18.0.0'}

  '@aws-sdk/token-providers@3.734.0':
    resolution: {integrity: sha512-2U6yWKrjWjZO8Y5SHQxkFvMVWHQWbS0ufqfAIBROqmIZNubOL7jXCiVdEFekz6MZ9LF2tvYGnOW4jX8OKDGfIw==}
    engines: {node: '>=18.0.0'}

  '@aws-sdk/types@3.734.0':
    resolution: {integrity: sha512-o11tSPTT70nAkGV1fN9wm/hAIiLPyWX6SuGf+9JyTp7S/rC2cFWhR26MvA69nplcjNaXVzB0f+QFrLXXjOqCrg==}
    engines: {node: '>=18.0.0'}

  '@aws-sdk/util-dynamodb@3.738.0':
    resolution: {integrity: sha512-+CYjx9XwS8YGJuEOcRUmboKRvYStga0nug08B0dT4HNvHOaLcnsOTQ4rTwVasaFUwRHY5L2MeU/yUrracvU0nQ==}
    engines: {node: '>=18.0.0'}
    peerDependencies:
      '@aws-sdk/client-dynamodb': ^3.738.0

  '@aws-sdk/util-endpoints@3.734.0':
    resolution: {integrity: sha512-w2+/E88NUbqql6uCVAsmMxDQKu7vsKV0KqhlQb0lL+RCq4zy07yXYptVNs13qrnuTfyX7uPXkXrlugvK9R1Ucg==}
    engines: {node: '>=18.0.0'}

  '@aws-sdk/util-locate-window@3.723.0':
    resolution: {integrity: sha512-Yf2CS10BqK688DRsrKI/EO6B8ff5J86NXe4C+VCysK7UOgN0l1zOTeTukZ3H8Q9tYYX3oaF1961o8vRkFm7Nmw==}
    engines: {node: '>=18.0.0'}

  '@aws-sdk/util-user-agent-browser@3.734.0':
    resolution: {integrity: sha512-xQTCus6Q9LwUuALW+S76OL0jcWtMOVu14q+GoLnWPUM7QeUw963oQcLhF7oq0CtaLLKyl4GOUfcwc773Zmwwng==}

  '@aws-sdk/util-user-agent-node@3.734.0':
    resolution: {integrity: sha512-c6Iinh+RVQKs6jYUFQ64htOU2HUXFQ3TVx+8Tu3EDF19+9vzWi9UukhIMH9rqyyEXIAkk9XL7avt8y2Uyw2dGA==}
    engines: {node: '>=18.0.0'}
    peerDependencies:
      aws-crt: '>=1.0.0'
    peerDependenciesMeta:
      aws-crt:
        optional: true

  '@heroicons/react@2.2.0':
    resolution: {integrity: sha512-LMcepvRaS9LYHJGsF0zzmgKCUim/X3N/DQKc4jepAXJ7l8QxJ1PmxJzqplF2Z3FE4PqBAIGyJAQ/w4B5dsqbtQ==}
    peerDependencies:
      react: '>= 16 || ^19.0.0-rc'

  '@redis/bloom@1.2.0':
    resolution: {integrity: sha512-HG2DFjYKbpNmVXsa0keLHp/3leGJz1mjh09f2RLGGLQZzSHpkmZWuwJbAvo3QcRY8p80m5+ZdXZdYOSBLlp7Cg==}
    peerDependencies:
      '@redis/client': ^1.0.0

  '@redis/client@1.6.0':
    resolution: {integrity: sha512-aR0uffYI700OEEH4gYnitAnv3vzVGXCFvYfdpu/CJKvk4pHfLPEy/JSZyrpQ+15WhXe1yJRXLtfQ84s4mEXnPg==}
    engines: {node: '>=14'}

  '@redis/graph@1.1.1':
    resolution: {integrity: sha512-FEMTcTHZozZciLRl6GiiIB4zGm5z5F3F6a6FZCyrfxdKOhFlGkiAqlexWMBzCi4DcRoyiOsuLfW+cjlGWyExOw==}
    peerDependencies:
      '@redis/client': ^1.0.0

  '@redis/json@1.0.7':
    resolution: {integrity: sha512-6UyXfjVaTBTJtKNG4/9Z8PSpKE6XgSyEb8iwaqDcy+uKrd/DGYHTWkUdnQDyzm727V7p21WUMhsqz5oy65kPcQ==}
    peerDependencies:
      '@redis/client': ^1.0.0

  '@redis/search@1.2.0':
    resolution: {integrity: sha512-tYoDBbtqOVigEDMAcTGsRlMycIIjwMCgD8eR2t0NANeQmgK/lvxNAvYyb6bZDD4frHRhIHkJu2TBRvB0ERkOmw==}
    peerDependencies:
      '@redis/client': ^1.0.0

  '@redis/time-series@1.1.0':
    resolution: {integrity: sha512-c1Q99M5ljsIuc4YdaCwfUEXsofakb9c8+Zse2qxTadu8TalLXuAESzLvFAvNVbkmSlvlzIQOLpBCmWI9wTOt+g==}
    peerDependencies:
      '@redis/client': ^1.0.0

  '@smithy/abort-controller@4.0.1':
    resolution: {integrity: sha512-fiUIYgIgRjMWznk6iLJz35K2YxSLHzLBA/RC6lBrKfQ8fHbPfvk7Pk9UvpKoHgJjI18MnbPuEju53zcVy6KF1g==}
    engines: {node: '>=18.0.0'}

  '@smithy/config-resolver@4.0.1':
    resolution: {integrity: sha512-Igfg8lKu3dRVkTSEm98QpZUvKEOa71jDX4vKRcvJVyRc3UgN3j7vFMf0s7xLQhYmKa8kyJGQgUJDOV5V3neVlQ==}
    engines: {node: '>=18.0.0'}

  '@smithy/core@3.1.2':
    resolution: {integrity: sha512-htwQXkbdF13uwwDevz9BEzL5ABK+1sJpVQXywwGSH973AVOvisHNfpcB8A8761G6XgHoS2kHPqc9DqHJ2gp+/Q==}
    engines: {node: '>=18.0.0'}

  '@smithy/credential-provider-imds@4.0.1':
    resolution: {integrity: sha512-l/qdInaDq1Zpznpmev/+52QomsJNZ3JkTl5yrTl02V6NBgJOQ4LY0SFw/8zsMwj3tLe8vqiIuwF6nxaEwgf6mg==}
    engines: {node: '>=18.0.0'}

  '@smithy/fetch-http-handler@5.0.1':
    resolution: {integrity: sha512-3aS+fP28urrMW2KTjb6z9iFow6jO8n3MFfineGbndvzGZit3taZhKWtTorf+Gp5RpFDDafeHlhfsGlDCXvUnJA==}
    engines: {node: '>=18.0.0'}

  '@smithy/hash-node@4.0.1':
    resolution: {integrity: sha512-TJ6oZS+3r2Xu4emVse1YPB3Dq3d8RkZDKcPr71Nj/lJsdAP1c7oFzYqEn1IBc915TsgLl2xIJNuxCz+gLbLE0w==}
    engines: {node: '>=18.0.0'}

  '@smithy/invalid-dependency@4.0.1':
    resolution: {integrity: sha512-gdudFPf4QRQ5pzj7HEnu6FhKRi61BfH/Gk5Yf6O0KiSbr1LlVhgjThcvjdu658VE6Nve8vaIWB8/fodmS1rBPQ==}
    engines: {node: '>=18.0.0'}

  '@smithy/is-array-buffer@2.2.0':
    resolution: {integrity: sha512-GGP3O9QFD24uGeAXYUjwSTXARoqpZykHadOmA8G5vfJPK0/DC67qa//0qvqrJzL1xc8WQWX7/yc7fwudjPHPhA==}
    engines: {node: '>=14.0.0'}

  '@smithy/is-array-buffer@4.0.0':
    resolution: {integrity: sha512-saYhF8ZZNoJDTvJBEWgeBccCg+yvp1CX+ed12yORU3NilJScfc6gfch2oVb4QgxZrGUx3/ZJlb+c/dJbyupxlw==}
    engines: {node: '>=18.0.0'}

  '@smithy/middleware-content-length@4.0.1':
    resolution: {integrity: sha512-OGXo7w5EkB5pPiac7KNzVtfCW2vKBTZNuCctn++TTSOMpe6RZO/n6WEC1AxJINn3+vWLKW49uad3lo/u0WJ9oQ==}
    engines: {node: '>=18.0.0'}

  '@smithy/middleware-endpoint@4.0.3':
    resolution: {integrity: sha512-YdbmWhQF5kIxZjWqPIgboVfi8i5XgiYMM7GGKFMTvBei4XjNQfNv8sukT50ITvgnWKKKpOtp0C0h7qixLgb77Q==}
    engines: {node: '>=18.0.0'}

  '@smithy/middleware-retry@4.0.4':
    resolution: {integrity: sha512-wmxyUBGHaYUqul0wZiset4M39SMtDBOtUr2KpDuftKNN74Do9Y36Go6Eqzj9tL0mIPpr31ulB5UUtxcsCeGXsQ==}
    engines: {node: '>=18.0.0'}

  '@smithy/middleware-serde@4.0.2':
    resolution: {integrity: sha512-Sdr5lOagCn5tt+zKsaW+U2/iwr6bI9p08wOkCp6/eL6iMbgdtc2R5Ety66rf87PeohR0ExI84Txz9GYv5ou3iQ==}
    engines: {node: '>=18.0.0'}

  '@smithy/middleware-stack@4.0.1':
    resolution: {integrity: sha512-dHwDmrtR/ln8UTHpaIavRSzeIk5+YZTBtLnKwDW3G2t6nAupCiQUvNzNoHBpik63fwUaJPtlnMzXbQrNFWssIA==}
    engines: {node: '>=18.0.0'}

  '@smithy/node-config-provider@4.0.1':
    resolution: {integrity: sha512-8mRTjvCtVET8+rxvmzRNRR0hH2JjV0DFOmwXPrISmTIJEfnCBugpYYGAsCj8t41qd+RB5gbheSQ/6aKZCQvFLQ==}
    engines: {node: '>=18.0.0'}

  '@smithy/node-http-handler@4.0.2':
    resolution: {integrity: sha512-X66H9aah9hisLLSnGuzRYba6vckuFtGE+a5DcHLliI/YlqKrGoxhisD5XbX44KyoeRzoNlGr94eTsMVHFAzPOw==}
    engines: {node: '>=18.0.0'}

  '@smithy/property-provider@4.0.1':
    resolution: {integrity: sha512-o+VRiwC2cgmk/WFV0jaETGOtX16VNPp2bSQEzu0whbReqE1BMqsP2ami2Vi3cbGVdKu1kq9gQkDAGKbt0WOHAQ==}
    engines: {node: '>=18.0.0'}

  '@smithy/protocol-http@5.0.1':
    resolution: {integrity: sha512-TE4cpj49jJNB/oHyh/cRVEgNZaoPaxd4vteJNB0yGidOCVR0jCw/hjPVsT8Q8FRmj8Bd3bFZt8Dh7xGCT+xMBQ==}
    engines: {node: '>=18.0.0'}

  '@smithy/querystring-builder@4.0.1':
    resolution: {integrity: sha512-wU87iWZoCbcqrwszsOewEIuq+SU2mSoBE2CcsLwE0I19m0B2gOJr1MVjxWcDQYOzHbR1xCk7AcOBbGFUYOKvdg==}
    engines: {node: '>=18.0.0'}

  '@smithy/querystring-parser@4.0.1':
    resolution: {integrity: sha512-Ma2XC7VS9aV77+clSFylVUnPZRindhB7BbmYiNOdr+CHt/kZNJoPP0cd3QxCnCFyPXC4eybmyE98phEHkqZ5Jw==}
    engines: {node: '>=18.0.0'}

  '@smithy/service-error-classification@4.0.1':
    resolution: {integrity: sha512-3JNjBfOWpj/mYfjXJHB4Txc/7E4LVq32bwzE7m28GN79+M1f76XHflUaSUkhOriprPDzev9cX/M+dEB80DNDKA==}
    engines: {node: '>=18.0.0'}

  '@smithy/shared-ini-file-loader@4.0.1':
    resolution: {integrity: sha512-hC8F6qTBbuHRI/uqDgqqi6J0R4GtEZcgrZPhFQnMhfJs3MnUTGSnR1NSJCJs5VWlMydu0kJz15M640fJlRsIOw==}
    engines: {node: '>=18.0.0'}

  '@smithy/signature-v4@5.0.1':
    resolution: {integrity: sha512-nCe6fQ+ppm1bQuw5iKoeJ0MJfz2os7Ic3GBjOkLOPtavbD1ONoyE3ygjBfz2ythFWm4YnRm6OxW+8p/m9uCoIA==}
    engines: {node: '>=18.0.0'}

  '@smithy/smithy-client@4.1.3':
    resolution: {integrity: sha512-A2Hz85pu8BJJaYFdX8yb1yocqigyqBzn+OVaVgm+Kwi/DkN8vhN2kbDVEfADo6jXf5hPKquMLGA3UINA64UZ7A==}
    engines: {node: '>=18.0.0'}

  '@smithy/types@4.1.0':
    resolution: {integrity: sha512-enhjdwp4D7CXmwLtD6zbcDMbo6/T6WtuuKCY49Xxc6OMOmUWlBEBDREsxxgV2LIdeQPW756+f97GzcgAwp3iLw==}
    engines: {node: '>=18.0.0'}

  '@smithy/url-parser@4.0.1':
    resolution: {integrity: sha512-gPXcIEUtw7VlK8f/QcruNXm7q+T5hhvGu9tl63LsJPZ27exB6dtNwvh2HIi0v7JcXJ5emBxB+CJxwaLEdJfA+g==}
    engines: {node: '>=18.0.0'}

  '@smithy/util-base64@4.0.0':
    resolution: {integrity: sha512-CvHfCmO2mchox9kjrtzoHkWHxjHZzaFojLc8quxXY7WAAMAg43nuxwv95tATVgQFNDwd4M9S1qFzj40Ul41Kmg==}
    engines: {node: '>=18.0.0'}

  '@smithy/util-body-length-browser@4.0.0':
    resolution: {integrity: sha512-sNi3DL0/k64/LO3A256M+m3CDdG6V7WKWHdAiBBMUN8S3hK3aMPhwnPik2A/a2ONN+9doY9UxaLfgqsIRg69QA==}
    engines: {node: '>=18.0.0'}

  '@smithy/util-body-length-node@4.0.0':
    resolution: {integrity: sha512-q0iDP3VsZzqJyje8xJWEJCNIu3lktUGVoSy1KB0UWym2CL1siV3artm+u1DFYTLejpsrdGyCSWBdGNjJzfDPjg==}
    engines: {node: '>=18.0.0'}

  '@smithy/util-buffer-from@2.2.0':
    resolution: {integrity: sha512-IJdWBbTcMQ6DA0gdNhh/BwrLkDR+ADW5Kr1aZmd4k3DIF6ezMV4R2NIAmT08wQJ3yUK82thHWmC/TnK/wpMMIA==}
    engines: {node: '>=14.0.0'}

  '@smithy/util-buffer-from@4.0.0':
    resolution: {integrity: sha512-9TOQ7781sZvddgO8nxueKi3+yGvkY35kotA0Y6BWRajAv8jjmigQ1sBwz0UX47pQMYXJPahSKEKYFgt+rXdcug==}
    engines: {node: '>=18.0.0'}

  '@smithy/util-config-provider@4.0.0':
    resolution: {integrity: sha512-L1RBVzLyfE8OXH+1hsJ8p+acNUSirQnWQ6/EgpchV88G6zGBTDPdXiiExei6Z1wR2RxYvxY/XLw6AMNCCt8H3w==}
    engines: {node: '>=18.0.0'}

  '@smithy/util-defaults-mode-browser@4.0.4':
    resolution: {integrity: sha512-Ej1bV5sbrIfH++KnWxjjzFNq9nyP3RIUq2c9Iqq7SmMO/idUR24sqvKH2LUQFTSPy/K7G4sB2m8n7YYlEAfZaw==}
    engines: {node: '>=18.0.0'}

  '@smithy/util-defaults-mode-node@4.0.4':
    resolution: {integrity: sha512-HE1I7gxa6yP7ZgXPCFfZSDmVmMtY7SHqzFF55gM/GPegzZKaQWZZ+nYn9C2Cc3JltCMyWe63VPR3tSFDEvuGjw==}
    engines: {node: '>=18.0.0'}

  '@smithy/util-endpoints@3.0.1':
    resolution: {integrity: sha512-zVdUENQpdtn9jbpD9SCFK4+aSiavRb9BxEtw9ZGUR1TYo6bBHbIoi7VkrFQ0/RwZlzx0wRBaRmPclj8iAoJCLA==}
    engines: {node: '>=18.0.0'}

  '@smithy/util-hex-encoding@4.0.0':
    resolution: {integrity: sha512-Yk5mLhHtfIgW2W2WQZWSg5kuMZCVbvhFmC7rV4IO2QqnZdbEFPmQnCcGMAX2z/8Qj3B9hYYNjZOhWym+RwhePw==}
    engines: {node: '>=18.0.0'}

  '@smithy/util-middleware@4.0.1':
    resolution: {integrity: sha512-HiLAvlcqhbzhuiOa0Lyct5IIlyIz0PQO5dnMlmQ/ubYM46dPInB+3yQGkfxsk6Q24Y0n3/JmcA1v5iEhmOF5mA==}
    engines: {node: '>=18.0.0'}

  '@smithy/util-retry@4.0.1':
    resolution: {integrity: sha512-WmRHqNVwn3kI3rKk1LsKcVgPBG6iLTBGC1iYOV3GQegwJ3E8yjzHytPt26VNzOWr1qu0xE03nK0Ug8S7T7oufw==}
    engines: {node: '>=18.0.0'}

  '@smithy/util-stream@4.0.2':
    resolution: {integrity: sha512-0eZ4G5fRzIoewtHtwaYyl8g2C+osYOT4KClXgfdNEDAgkbe2TYPqcnw4GAWabqkZCax2ihRGPe9LZnsPdIUIHA==}
    engines: {node: '>=18.0.0'}

  '@smithy/util-uri-escape@4.0.0':
    resolution: {integrity: sha512-77yfbCbQMtgtTylO9itEAdpPXSog3ZxMe09AEhm0dU0NLTalV70ghDZFR+Nfi1C60jnJoh/Re4090/DuZh2Omg==}
    engines: {node: '>=18.0.0'}

  '@smithy/util-utf8@2.3.0':
    resolution: {integrity: sha512-R8Rdn8Hy72KKcebgLiv8jQcQkXoLMOGGv5uI1/k0l+snqkOzQ1R0ChUBCxWMlBsFMekWjq0wRudIweFs7sKT5A==}
    engines: {node: '>=14.0.0'}

  '@smithy/util-utf8@4.0.0':
    resolution: {integrity: sha512-b+zebfKCfRdgNJDknHCob3O7FpeYQN6ZG6YLExMcasDHsCXlsXCEuiPZeLnJLpwa5dvPetGlnGCiMHuLwGvFow==}
    engines: {node: '>=18.0.0'}

  '@smithy/util-waiter@4.0.2':
    resolution: {integrity: sha512-piUTHyp2Axx3p/kc2CIJkYSv0BAaheBQmbACZgQSSfWUumWNW+R1lL+H9PDBxKJkvOeEX+hKYEFiwO8xagL8AQ==}
    engines: {node: '>=18.0.0'}

  '@types/uuid@9.0.8':
    resolution: {integrity: sha512-jg+97EGIcY9AGHJJRaaPVgetKDsrTgbRjQ5Msgjh/DQKEFl0DtyRr/VCOyD1T2R1MNeWPK/u7JoGhlDZnKBAfA==}

  bowser@2.11.0:
    resolution: {integrity: sha512-AlcaJBi/pqqJBIQ8U9Mcpc9i8Aqxn88Skv5d+xBX006BY5u8N3mGLHa5Lgppa7L/HfwgwLgZ6NYs+Ag6uUmJRA==}

  camelcase-css@2.0.1:
    resolution: {integrity: sha512-QOSvevhslijgYwRx6Rv7zKdMF8lbRmx+uQGx2+vDc+KI/eBnsy9kit5aj23AgGu3pa4t9AgwbnXWqS+iOY+2aA==}
    engines: {node: '>= 6'}

  cluster-key-slot@1.1.2:
    resolution: {integrity: sha512-RMr0FhtfXemyinomL4hrWcYJxmX6deFdCxpJzhDttxgO1+bcCnkk+9drydLVDmAMG7NE6aN/fl4F7ucU/90gAA==}
    engines: {node: '>=0.10.0'}

  css-selector-tokenizer@0.8.0:
    resolution: {integrity: sha512-Jd6Ig3/pe62/qe5SBPTN8h8LeUg/pT4lLgtavPf7updwwHpvFzxvOQBHYj2LZDMjUnBzgvIUSjRcf6oT5HzHFg==}

  cssesc@3.0.0:
    resolution: {integrity: sha512-/Tb/JcjK111nNScGob5MNtsntNM1aCNUDipB/TkwZFhyDrrE47SOx/18wF2bbjgc3ZzCSKW1T5nt5EbFoAz/Vg==}
    engines: {node: '>=4'}
    hasBin: true

  culori@3.3.0:
    resolution: {integrity: sha512-pHJg+jbuFsCjz9iclQBqyL3B2HLCBF71BwVNujUYEvCeQMvV97R59MNK3R2+jgJ3a1fcZgI9B3vYgz8lzr/BFQ==}
    engines: {node: ^12.20.0 || ^14.13.1 || >=16.0.0}

  daisyui@4.12.23:
    resolution: {integrity: sha512-EM38duvxutJ5PD65lO/AFMpcw+9qEy6XAZrTpzp7WyaPeO/l+F/Qiq0ECHHmFNcFXh5aVoALY4MGrrxtCiaQCQ==}
    engines: {node: '>=16.9.0'}

  fast-xml-parser@4.4.1:
    resolution: {integrity: sha512-xkjOecfnKGkSsOwtZ5Pz7Us/T6mrbPQrq0nh+aCO5V9nk5NLWmasAHumTKjiPJPWANe+kAZ84Jc8ooJkzZ88Sw==}
    hasBin: true

  fastparse@1.1.2:
    resolution: {integrity: sha512-483XLLxTVIwWK3QTrMGRqUfUpoOs/0hbQrl2oz4J0pAcm3A3bu84wxTFqGqkJzewCLdME38xJLJAxBABfQT8sQ==}

  generic-pool@3.9.0:
    resolution: {integrity: sha512-hymDOu5B53XvN4QT9dBmZxPX4CWhBPPLguTZ9MMFeFa/Kg0xWVfylOVNlJji/E7yTZWFd/q9GO5TxDLq156D7g==}
    engines: {node: '>= 4'}

  mnemonist@0.38.3:
    resolution: {integrity: sha512-2K9QYubXx/NAjv4VLq1d1Ly8pWNC5L3BrixtdkyTegXWJIqY+zLNDhhX/A+ZwWt70tB1S8H4BE8FLYEFyNoOBw==}

  nanoid@3.3.8:
    resolution: {integrity: sha512-WNLf5Sd8oZxOm+TzppcYk8gVOgP+l58xNy58D0nbUnOxOWRWvlcCV4kUF7ltmI6PsrLl/BgKEyS4mqsGChFN0w==}
    engines: {node: ^10 || ^12 || ^13.7 || ^14 || >=15.0.1}
    hasBin: true

  obliterator@1.6.1:
    resolution: {integrity: sha512-9WXswnqINnnhOG/5SLimUlzuU1hFJUc8zkwyD59Sd+dPOMf05PmnYG/d6Q7HZ+KmgkZJa1PxRso6QdM3sTNHig==}

  picocolors@1.1.1:
    resolution: {integrity: sha512-xceH2snhtb5M9liqDsmEw56le376mTZkEX/jEb/RxNFyegNul7eNslCXP9FDj/Lcu0X8KEyMceP2ntpaHrDEVA==}

  postcss-js@4.0.1:
    resolution: {integrity: sha512-dDLF8pEO191hJMtlHFPRa8xsizHaM82MLfNkUHdUtVEV3tgTp5oj+8qbEqYM57SLfc74KSbw//4SeJma2LRVIw==}
    engines: {node: ^12 || ^14 || >= 16}
    peerDependencies:
      postcss: ^8.4.21

  postcss@8.5.1:
    resolution: {integrity: sha512-6oz2beyjc5VMn/KV1pPw8fliQkhBXrVn1Z3TVyqZxU8kZpzEKhBdmCFqI6ZbmGtamQvQGuU1sgPTk8ZrXDD7jQ==}
    engines: {node: ^10 || ^12 || >=14}

  react@19.0.0:
    resolution: {integrity: sha512-V8AVnmPIICiWpGfm6GLzCR/W5FXLchHop40W4nXBmdlEceh16rCN8O8LNWm5bh5XUX91fh7KpA+W0TgMKmgTpQ==}
    engines: {node: '>=0.10.0'}

  redis@4.7.0:
    resolution: {integrity: sha512-zvmkHEAdGMn+hMRXuMBtu4Vo5P6rHQjLoHftu+lBqq8ZTA3RCVC/WzD790bkKKiNFp7d5/9PcSD19fJyyRvOdQ==}

  source-map-js@1.2.1:
    resolution: {integrity: sha512-UXWMKhLOwVKb728IUtQPXxfYU+usdybtUrK/8uGE8CQMvrhOpwvzDBwj0QhSL7MQc7vIsISBG8VQ8+IDQxpfQA==}
    engines: {node: '>=0.10.0'}

  strnum@1.0.5:
    resolution: {integrity: sha512-J8bbNyKKXl5qYcR36TIO8W3mVGVHrmmxsd5PAItGkmyzwJvybiw2IVq5nqd0i4LSNSkB/sx9VHllbfFdr9k1JA==}

  tslib@2.8.1:
    resolution: {integrity: sha512-oJFu94HQb+KVduSUQL7wnpmqnfmLsOA/nAh6b6EH0wCEoK0/mPeXU6c3wKDV83MkOuHPRHtSXKKU99IBazS/2w==}

  use-debounce@10.0.4:
    resolution: {integrity: sha512-6Cf7Yr7Wk7Kdv77nnJMf6de4HuDE4dTxKij+RqE9rufDsI6zsbjyAxcH5y2ueJCQAnfgKbzXbZHYlkFwmBlWkw==}
    engines: {node: '>= 16.0.0'}
    peerDependencies:
      react: '*'

  uuid@9.0.1:
    resolution: {integrity: sha512-b+1eJOlsR9K8HJpow9Ok3fiWOWSIcIzXodvv0rQjVoOVNpWMpxf1wZNpt4y9h10odCNrqnYp1OBzRktckBe3sA==}
    hasBin: true

  yallist@4.0.0:
    resolution: {integrity: sha512-3wdGidZyq5PB084XLES5TpOSRA3wjXAlIWMhum2kRcv/41Sn2emQ0dycQW4uZXLejwKvg6EsvbdlVL+FYEct7A==}

snapshots:

  '@aws-crypto/sha256-browser@5.2.0':
    dependencies:
      '@aws-crypto/sha256-js': 5.2.0
      '@aws-crypto/supports-web-crypto': 5.2.0
      '@aws-crypto/util': 5.2.0
      '@aws-sdk/types': 3.734.0
      '@aws-sdk/util-locate-window': 3.723.0
      '@smithy/util-utf8': 2.3.0
      tslib: 2.8.1

  '@aws-crypto/sha256-js@5.2.0':
    dependencies:
      '@aws-crypto/util': 5.2.0
      '@aws-sdk/types': 3.734.0
      tslib: 2.8.1

  '@aws-crypto/supports-web-crypto@5.2.0':
    dependencies:
      tslib: 2.8.1

  '@aws-crypto/util@5.2.0':
    dependencies:
      '@aws-sdk/types': 3.734.0
      '@smithy/util-utf8': 2.3.0
      tslib: 2.8.1

  '@aws-sdk/client-dynamodb@3.738.0':
    dependencies:
      '@aws-crypto/sha256-browser': 5.2.0
      '@aws-crypto/sha256-js': 5.2.0
      '@aws-sdk/core': 3.734.0
      '@aws-sdk/credential-provider-node': 3.738.0
      '@aws-sdk/middleware-endpoint-discovery': 3.734.0
      '@aws-sdk/middleware-host-header': 3.734.0
      '@aws-sdk/middleware-logger': 3.734.0
      '@aws-sdk/middleware-recursion-detection': 3.734.0
      '@aws-sdk/middleware-user-agent': 3.734.0
      '@aws-sdk/region-config-resolver': 3.734.0
      '@aws-sdk/types': 3.734.0
      '@aws-sdk/util-endpoints': 3.734.0
      '@aws-sdk/util-user-agent-browser': 3.734.0
      '@aws-sdk/util-user-agent-node': 3.734.0
      '@smithy/config-resolver': 4.0.1
      '@smithy/core': 3.1.2
      '@smithy/fetch-http-handler': 5.0.1
      '@smithy/hash-node': 4.0.1
      '@smithy/invalid-dependency': 4.0.1
      '@smithy/middleware-content-length': 4.0.1
      '@smithy/middleware-endpoint': 4.0.3
      '@smithy/middleware-retry': 4.0.4
      '@smithy/middleware-serde': 4.0.2
      '@smithy/middleware-stack': 4.0.1
      '@smithy/node-config-provider': 4.0.1
      '@smithy/node-http-handler': 4.0.2
      '@smithy/protocol-http': 5.0.1
      '@smithy/smithy-client': 4.1.3
      '@smithy/types': 4.1.0
      '@smithy/url-parser': 4.0.1
      '@smithy/util-base64': 4.0.0
      '@smithy/util-body-length-browser': 4.0.0
      '@smithy/util-body-length-node': 4.0.0
      '@smithy/util-defaults-mode-browser': 4.0.4
      '@smithy/util-defaults-mode-node': 4.0.4
      '@smithy/util-endpoints': 3.0.1
      '@smithy/util-middleware': 4.0.1
      '@smithy/util-retry': 4.0.1
      '@smithy/util-utf8': 4.0.0
      '@smithy/util-waiter': 4.0.2
      '@types/uuid': 9.0.8
      tslib: 2.8.1
      uuid: 9.0.1
    transitivePeerDependencies:
      - aws-crt

  '@aws-sdk/client-sso@3.734.0':
    dependencies:
      '@aws-crypto/sha256-browser': 5.2.0
      '@aws-crypto/sha256-js': 5.2.0
      '@aws-sdk/core': 3.734.0
      '@aws-sdk/middleware-host-header': 3.734.0
      '@aws-sdk/middleware-logger': 3.734.0
      '@aws-sdk/middleware-recursion-detection': 3.734.0
      '@aws-sdk/middleware-user-agent': 3.734.0
      '@aws-sdk/region-config-resolver': 3.734.0
      '@aws-sdk/types': 3.734.0
      '@aws-sdk/util-endpoints': 3.734.0
      '@aws-sdk/util-user-agent-browser': 3.734.0
      '@aws-sdk/util-user-agent-node': 3.734.0
      '@smithy/config-resolver': 4.0.1
      '@smithy/core': 3.1.2
      '@smithy/fetch-http-handler': 5.0.1
      '@smithy/hash-node': 4.0.1
      '@smithy/invalid-dependency': 4.0.1
      '@smithy/middleware-content-length': 4.0.1
      '@smithy/middleware-endpoint': 4.0.3
      '@smithy/middleware-retry': 4.0.4
      '@smithy/middleware-serde': 4.0.2
      '@smithy/middleware-stack': 4.0.1
      '@smithy/node-config-provider': 4.0.1
      '@smithy/node-http-handler': 4.0.2
      '@smithy/protocol-http': 5.0.1
      '@smithy/smithy-client': 4.1.3
      '@smithy/types': 4.1.0
      '@smithy/url-parser': 4.0.1
      '@smithy/util-base64': 4.0.0
      '@smithy/util-body-length-browser': 4.0.0
      '@smithy/util-body-length-node': 4.0.0
      '@smithy/util-defaults-mode-browser': 4.0.4
      '@smithy/util-defaults-mode-node': 4.0.4
      '@smithy/util-endpoints': 3.0.1
      '@smithy/util-middleware': 4.0.1
      '@smithy/util-retry': 4.0.1
      '@smithy/util-utf8': 4.0.0
      tslib: 2.8.1
    transitivePeerDependencies:
      - aws-crt

  '@aws-sdk/core@3.734.0':
    dependencies:
      '@aws-sdk/types': 3.734.0
      '@smithy/core': 3.1.2
      '@smithy/node-config-provider': 4.0.1
      '@smithy/property-provider': 4.0.1
      '@smithy/protocol-http': 5.0.1
      '@smithy/signature-v4': 5.0.1
      '@smithy/smithy-client': 4.1.3
      '@smithy/types': 4.1.0
      '@smithy/util-middleware': 4.0.1
      fast-xml-parser: 4.4.1
      tslib: 2.8.1

  '@aws-sdk/credential-provider-env@3.734.0':
    dependencies:
      '@aws-sdk/core': 3.734.0
      '@aws-sdk/types': 3.734.0
      '@smithy/property-provider': 4.0.1
      '@smithy/types': 4.1.0
      tslib: 2.8.1

  '@aws-sdk/credential-provider-http@3.734.0':
    dependencies:
      '@aws-sdk/core': 3.734.0
      '@aws-sdk/types': 3.734.0
      '@smithy/fetch-http-handler': 5.0.1
      '@smithy/node-http-handler': 4.0.2
      '@smithy/property-provider': 4.0.1
      '@smithy/protocol-http': 5.0.1
      '@smithy/smithy-client': 4.1.3
      '@smithy/types': 4.1.0
      '@smithy/util-stream': 4.0.2
      tslib: 2.8.1

  '@aws-sdk/credential-provider-ini@3.734.0':
    dependencies:
      '@aws-sdk/core': 3.734.0
      '@aws-sdk/credential-provider-env': 3.734.0
      '@aws-sdk/credential-provider-http': 3.734.0
      '@aws-sdk/credential-provider-process': 3.734.0
      '@aws-sdk/credential-provider-sso': 3.734.0
      '@aws-sdk/credential-provider-web-identity': 3.734.0
      '@aws-sdk/nested-clients': 3.734.0
      '@aws-sdk/types': 3.734.0
      '@smithy/credential-provider-imds': 4.0.1
      '@smithy/property-provider': 4.0.1
      '@smithy/shared-ini-file-loader': 4.0.1
      '@smithy/types': 4.1.0
      tslib: 2.8.1
    transitivePeerDependencies:
      - aws-crt

  '@aws-sdk/credential-provider-node@3.738.0':
    dependencies:
      '@aws-sdk/credential-provider-env': 3.734.0
      '@aws-sdk/credential-provider-http': 3.734.0
      '@aws-sdk/credential-provider-ini': 3.734.0
      '@aws-sdk/credential-provider-process': 3.734.0
      '@aws-sdk/credential-provider-sso': 3.734.0
      '@aws-sdk/credential-provider-web-identity': 3.734.0
      '@aws-sdk/types': 3.734.0
      '@smithy/credential-provider-imds': 4.0.1
      '@smithy/property-provider': 4.0.1
      '@smithy/shared-ini-file-loader': 4.0.1
      '@smithy/types': 4.1.0
      tslib: 2.8.1
    transitivePeerDependencies:
      - aws-crt

  '@aws-sdk/credential-provider-process@3.734.0':
    dependencies:
      '@aws-sdk/core': 3.734.0
      '@aws-sdk/types': 3.734.0
      '@smithy/property-provider': 4.0.1
      '@smithy/shared-ini-file-loader': 4.0.1
      '@smithy/types': 4.1.0
      tslib: 2.8.1

  '@aws-sdk/credential-provider-sso@3.734.0':
    dependencies:
      '@aws-sdk/client-sso': 3.734.0
      '@aws-sdk/core': 3.734.0
      '@aws-sdk/token-providers': 3.734.0
      '@aws-sdk/types': 3.734.0
      '@smithy/property-provider': 4.0.1
      '@smithy/shared-ini-file-loader': 4.0.1
      '@smithy/types': 4.1.0
      tslib: 2.8.1
    transitivePeerDependencies:
      - aws-crt

  '@aws-sdk/credential-provider-web-identity@3.734.0':
    dependencies:
      '@aws-sdk/core': 3.734.0
      '@aws-sdk/nested-clients': 3.734.0
      '@aws-sdk/types': 3.734.0
      '@smithy/property-provider': 4.0.1
      '@smithy/types': 4.1.0
      tslib: 2.8.1
    transitivePeerDependencies:
      - aws-crt

  '@aws-sdk/endpoint-cache@3.723.0':
    dependencies:
      mnemonist: 0.38.3
      tslib: 2.8.1

  '@aws-sdk/lib-dynamodb@3.738.0(@aws-sdk/client-dynamodb@3.738.0)':
    dependencies:
      '@aws-sdk/client-dynamodb': 3.738.0
      '@aws-sdk/core': 3.734.0
      '@aws-sdk/util-dynamodb': 3.738.0(@aws-sdk/client-dynamodb@3.738.0)
      '@smithy/core': 3.1.2
      '@smithy/smithy-client': 4.1.3
      '@smithy/types': 4.1.0
      tslib: 2.8.1

  '@aws-sdk/middleware-endpoint-discovery@3.734.0':
    dependencies:
      '@aws-sdk/endpoint-cache': 3.723.0
      '@aws-sdk/types': 3.734.0
      '@smithy/node-config-provider': 4.0.1
      '@smithy/protocol-http': 5.0.1
      '@smithy/types': 4.1.0
      tslib: 2.8.1

  '@aws-sdk/middleware-host-header@3.734.0':
    dependencies:
      '@aws-sdk/types': 3.734.0
      '@smithy/protocol-http': 5.0.1
      '@smithy/types': 4.1.0
      tslib: 2.8.1

  '@aws-sdk/middleware-logger@3.734.0':
    dependencies:
      '@aws-sdk/types': 3.734.0
      '@smithy/types': 4.1.0
      tslib: 2.8.1

  '@aws-sdk/middleware-recursion-detection@3.734.0':
    dependencies:
      '@aws-sdk/types': 3.734.0
      '@smithy/protocol-http': 5.0.1
      '@smithy/types': 4.1.0
      tslib: 2.8.1

  '@aws-sdk/middleware-user-agent@3.734.0':
    dependencies:
      '@aws-sdk/core': 3.734.0
      '@aws-sdk/types': 3.734.0
      '@aws-sdk/util-endpoints': 3.734.0
      '@smithy/core': 3.1.2
      '@smithy/protocol-http': 5.0.1
      '@smithy/types': 4.1.0
      tslib: 2.8.1

  '@aws-sdk/nested-clients@3.734.0':
    dependencies:
      '@aws-crypto/sha256-browser': 5.2.0
      '@aws-crypto/sha256-js': 5.2.0
      '@aws-sdk/core': 3.734.0
      '@aws-sdk/middleware-host-header': 3.734.0
      '@aws-sdk/middleware-logger': 3.734.0
      '@aws-sdk/middleware-recursion-detection': 3.734.0
      '@aws-sdk/middleware-user-agent': 3.734.0
      '@aws-sdk/region-config-resolver': 3.734.0
      '@aws-sdk/types': 3.734.0
      '@aws-sdk/util-endpoints': 3.734.0
      '@aws-sdk/util-user-agent-browser': 3.734.0
      '@aws-sdk/util-user-agent-node': 3.734.0
      '@smithy/config-resolver': 4.0.1
      '@smithy/core': 3.1.2
      '@smithy/fetch-http-handler': 5.0.1
      '@smithy/hash-node': 4.0.1
      '@smithy/invalid-dependency': 4.0.1
      '@smithy/middleware-content-length': 4.0.1
      '@smithy/middleware-endpoint': 4.0.3
      '@smithy/middleware-retry': 4.0.4
      '@smithy/middleware-serde': 4.0.2
      '@smithy/middleware-stack': 4.0.1
      '@smithy/node-config-provider': 4.0.1
      '@smithy/node-http-handler': 4.0.2
      '@smithy/protocol-http': 5.0.1
      '@smithy/smithy-client': 4.1.3
      '@smithy/types': 4.1.0
      '@smithy/url-parser': 4.0.1
      '@smithy/util-base64': 4.0.0
      '@smithy/util-body-length-browser': 4.0.0
      '@smithy/util-body-length-node': 4.0.0
      '@smithy/util-defaults-mode-browser': 4.0.4
      '@smithy/util-defaults-mode-node': 4.0.4
      '@smithy/util-endpoints': 3.0.1
      '@smithy/util-middleware': 4.0.1
      '@smithy/util-retry': 4.0.1
      '@smithy/util-utf8': 4.0.0
      tslib: 2.8.1
    transitivePeerDependencies:
      - aws-crt

  '@aws-sdk/region-config-resolver@3.734.0':
    dependencies:
      '@aws-sdk/types': 3.734.0
      '@smithy/node-config-provider': 4.0.1
      '@smithy/types': 4.1.0
      '@smithy/util-config-provider': 4.0.0
      '@smithy/util-middleware': 4.0.1
      tslib: 2.8.1

  '@aws-sdk/token-providers@3.734.0':
    dependencies:
      '@aws-sdk/nested-clients': 3.734.0
      '@aws-sdk/types': 3.734.0
      '@smithy/property-provider': 4.0.1
      '@smithy/shared-ini-file-loader': 4.0.1
      '@smithy/types': 4.1.0
      tslib: 2.8.1
    transitivePeerDependencies:
      - aws-crt

  '@aws-sdk/types@3.734.0':
    dependencies:
      '@smithy/types': 4.1.0
      tslib: 2.8.1

  '@aws-sdk/util-dynamodb@3.738.0(@aws-sdk/client-dynamodb@3.738.0)':
    dependencies:
      '@aws-sdk/client-dynamodb': 3.738.0
      tslib: 2.8.1

  '@aws-sdk/util-endpoints@3.734.0':
    dependencies:
      '@aws-sdk/types': 3.734.0
      '@smithy/types': 4.1.0
      '@smithy/util-endpoints': 3.0.1
      tslib: 2.8.1

  '@aws-sdk/util-locate-window@3.723.0':
    dependencies:
      tslib: 2.8.1

  '@aws-sdk/util-user-agent-browser@3.734.0':
    dependencies:
      '@aws-sdk/types': 3.734.0
      '@smithy/types': 4.1.0
      bowser: 2.11.0
      tslib: 2.8.1

  '@aws-sdk/util-user-agent-node@3.734.0':
    dependencies:
      '@aws-sdk/middleware-user-agent': 3.734.0
      '@aws-sdk/types': 3.734.0
      '@smithy/node-config-provider': 4.0.1
      '@smithy/types': 4.1.0
      tslib: 2.8.1

  '@heroicons/react@2.2.0(react@19.0.0)':
    dependencies:
      react: 19.0.0

  '@redis/bloom@1.2.0(@redis/client@1.6.0)':
    dependencies:
      '@redis/client': 1.6.0

  '@redis/client@1.6.0':
    dependencies:
      cluster-key-slot: 1.1.2
      generic-pool: 3.9.0
      yallist: 4.0.0

  '@redis/graph@1.1.1(@redis/client@1.6.0)':
    dependencies:
      '@redis/client': 1.6.0

  '@redis/json@1.0.7(@redis/client@1.6.0)':
    dependencies:
      '@redis/client': 1.6.0

  '@redis/search@1.2.0(@redis/client@1.6.0)':
    dependencies:
      '@redis/client': 1.6.0

  '@redis/time-series@1.1.0(@redis/client@1.6.0)':
    dependencies:
      '@redis/client': 1.6.0

  '@smithy/abort-controller@4.0.1':
    dependencies:
      '@smithy/types': 4.1.0
      tslib: 2.8.1

  '@smithy/config-resolver@4.0.1':
    dependencies:
      '@smithy/node-config-provider': 4.0.1
      '@smithy/types': 4.1.0
      '@smithy/util-config-provider': 4.0.0
      '@smithy/util-middleware': 4.0.1
      tslib: 2.8.1

  '@smithy/core@3.1.2':
    dependencies:
      '@smithy/middleware-serde': 4.0.2
      '@smithy/protocol-http': 5.0.1
      '@smithy/types': 4.1.0
      '@smithy/util-body-length-browser': 4.0.0
      '@smithy/util-middleware': 4.0.1
      '@smithy/util-stream': 4.0.2
      '@smithy/util-utf8': 4.0.0
      tslib: 2.8.1

  '@smithy/credential-provider-imds@4.0.1':
    dependencies:
      '@smithy/node-config-provider': 4.0.1
      '@smithy/property-provider': 4.0.1
      '@smithy/types': 4.1.0
      '@smithy/url-parser': 4.0.1
      tslib: 2.8.1

  '@smithy/fetch-http-handler@5.0.1':
    dependencies:
      '@smithy/protocol-http': 5.0.1
      '@smithy/querystring-builder': 4.0.1
      '@smithy/types': 4.1.0
      '@smithy/util-base64': 4.0.0
      tslib: 2.8.1

  '@smithy/hash-node@4.0.1':
    dependencies:
      '@smithy/types': 4.1.0
      '@smithy/util-buffer-from': 4.0.0
      '@smithy/util-utf8': 4.0.0
      tslib: 2.8.1

  '@smithy/invalid-dependency@4.0.1':
    dependencies:
      '@smithy/types': 4.1.0
      tslib: 2.8.1

  '@smithy/is-array-buffer@2.2.0':
    dependencies:
      tslib: 2.8.1

  '@smithy/is-array-buffer@4.0.0':
    dependencies:
      tslib: 2.8.1

  '@smithy/middleware-content-length@4.0.1':
    dependencies:
      '@smithy/protocol-http': 5.0.1
      '@smithy/types': 4.1.0
      tslib: 2.8.1

  '@smithy/middleware-endpoint@4.0.3':
    dependencies:
      '@smithy/core': 3.1.2
      '@smithy/middleware-serde': 4.0.2
      '@smithy/node-config-provider': 4.0.1
      '@smithy/shared-ini-file-loader': 4.0.1
      '@smithy/types': 4.1.0
      '@smithy/url-parser': 4.0.1
      '@smithy/util-middleware': 4.0.1
      tslib: 2.8.1

  '@smithy/middleware-retry@4.0.4':
    dependencies:
      '@smithy/node-config-provider': 4.0.1
      '@smithy/protocol-http': 5.0.1
      '@smithy/service-error-classification': 4.0.1
      '@smithy/smithy-client': 4.1.3
      '@smithy/types': 4.1.0
      '@smithy/util-middleware': 4.0.1
      '@smithy/util-retry': 4.0.1
      tslib: 2.8.1
      uuid: 9.0.1

  '@smithy/middleware-serde@4.0.2':
    dependencies:
      '@smithy/types': 4.1.0
      tslib: 2.8.1

  '@smithy/middleware-stack@4.0.1':
    dependencies:
      '@smithy/types': 4.1.0
      tslib: 2.8.1

  '@smithy/node-config-provider@4.0.1':
    dependencies:
      '@smithy/property-provider': 4.0.1
      '@smithy/shared-ini-file-loader': 4.0.1
      '@smithy/types': 4.1.0
      tslib: 2.8.1

  '@smithy/node-http-handler@4.0.2':
    dependencies:
      '@smithy/abort-controller': 4.0.1
      '@smithy/protocol-http': 5.0.1
      '@smithy/querystring-builder': 4.0.1
      '@smithy/types': 4.1.0
      tslib: 2.8.1

  '@smithy/property-provider@4.0.1':
    dependencies:
      '@smithy/types': 4.1.0
      tslib: 2.8.1

  '@smithy/protocol-http@5.0.1':
    dependencies:
      '@smithy/types': 4.1.0
      tslib: 2.8.1

  '@smithy/querystring-builder@4.0.1':
    dependencies:
      '@smithy/types': 4.1.0
      '@smithy/util-uri-escape': 4.0.0
      tslib: 2.8.1

  '@smithy/querystring-parser@4.0.1':
    dependencies:
      '@smithy/types': 4.1.0
      tslib: 2.8.1

  '@smithy/service-error-classification@4.0.1':
    dependencies:
      '@smithy/types': 4.1.0

  '@smithy/shared-ini-file-loader@4.0.1':
    dependencies:
      '@smithy/types': 4.1.0
      tslib: 2.8.1

  '@smithy/signature-v4@5.0.1':
    dependencies:
      '@smithy/is-array-buffer': 4.0.0
      '@smithy/protocol-http': 5.0.1
      '@smithy/types': 4.1.0
      '@smithy/util-hex-encoding': 4.0.0
      '@smithy/util-middleware': 4.0.1
      '@smithy/util-uri-escape': 4.0.0
      '@smithy/util-utf8': 4.0.0
      tslib: 2.8.1

  '@smithy/smithy-client@4.1.3':
    dependencies:
      '@smithy/core': 3.1.2
      '@smithy/middleware-endpoint': 4.0.3
      '@smithy/middleware-stack': 4.0.1
      '@smithy/protocol-http': 5.0.1
      '@smithy/types': 4.1.0
      '@smithy/util-stream': 4.0.2
      tslib: 2.8.1

  '@smithy/types@4.1.0':
    dependencies:
      tslib: 2.8.1

  '@smithy/url-parser@4.0.1':
    dependencies:
      '@smithy/querystring-parser': 4.0.1
      '@smithy/types': 4.1.0
      tslib: 2.8.1

  '@smithy/util-base64@4.0.0':
    dependencies:
      '@smithy/util-buffer-from': 4.0.0
      '@smithy/util-utf8': 4.0.0
      tslib: 2.8.1

  '@smithy/util-body-length-browser@4.0.0':
    dependencies:
      tslib: 2.8.1

  '@smithy/util-body-length-node@4.0.0':
    dependencies:
      tslib: 2.8.1

  '@smithy/util-buffer-from@2.2.0':
    dependencies:
      '@smithy/is-array-buffer': 2.2.0
      tslib: 2.8.1

  '@smithy/util-buffer-from@4.0.0':
    dependencies:
      '@smithy/is-array-buffer': 4.0.0
      tslib: 2.8.1

  '@smithy/util-config-provider@4.0.0':
    dependencies:
      tslib: 2.8.1

  '@smithy/util-defaults-mode-browser@4.0.4':
    dependencies:
      '@smithy/property-provider': 4.0.1
      '@smithy/smithy-client': 4.1.3
      '@smithy/types': 4.1.0
      bowser: 2.11.0
      tslib: 2.8.1

  '@smithy/util-defaults-mode-node@4.0.4':
    dependencies:
      '@smithy/config-resolver': 4.0.1
      '@smithy/credential-provider-imds': 4.0.1
      '@smithy/node-config-provider': 4.0.1
      '@smithy/property-provider': 4.0.1
      '@smithy/smithy-client': 4.1.3
      '@smithy/types': 4.1.0
      tslib: 2.8.1

  '@smithy/util-endpoints@3.0.1':
    dependencies:
      '@smithy/node-config-provider': 4.0.1
      '@smithy/types': 4.1.0
      tslib: 2.8.1

  '@smithy/util-hex-encoding@4.0.0':
    dependencies:
      tslib: 2.8.1

  '@smithy/util-middleware@4.0.1':
    dependencies:
      '@smithy/types': 4.1.0
      tslib: 2.8.1

  '@smithy/util-retry@4.0.1':
    dependencies:
      '@smithy/service-error-classification': 4.0.1
      '@smithy/types': 4.1.0
      tslib: 2.8.1

  '@smithy/util-stream@4.0.2':
    dependencies:
      '@smithy/fetch-http-handler': 5.0.1
      '@smithy/node-http-handler': 4.0.2
      '@smithy/types': 4.1.0
      '@smithy/util-base64': 4.0.0
      '@smithy/util-buffer-from': 4.0.0
      '@smithy/util-hex-encoding': 4.0.0
      '@smithy/util-utf8': 4.0.0
      tslib: 2.8.1

  '@smithy/util-uri-escape@4.0.0':
    dependencies:
      tslib: 2.8.1

  '@smithy/util-utf8@2.3.0':
    dependencies:
      '@smithy/util-buffer-from': 2.2.0
      tslib: 2.8.1

  '@smithy/util-utf8@4.0.0':
    dependencies:
      '@smithy/util-buffer-from': 4.0.0
      tslib: 2.8.1

  '@smithy/util-waiter@4.0.2':
    dependencies:
      '@smithy/abort-controller': 4.0.1
      '@smithy/types': 4.1.0
      tslib: 2.8.1

  '@types/uuid@9.0.8': {}

  bowser@2.11.0: {}

  camelcase-css@2.0.1: {}

  cluster-key-slot@1.1.2: {}

  css-selector-tokenizer@0.8.0:
    dependencies:
      cssesc: 3.0.0
      fastparse: 1.1.2

  cssesc@3.0.0: {}

  culori@3.3.0: {}

  daisyui@4.12.23(postcss@8.5.1):
    dependencies:
      css-selector-tokenizer: 0.8.0
      culori: 3.3.0
      picocolors: 1.1.1
      postcss-js: 4.0.1(postcss@8.5.1)
    transitivePeerDependencies:
      - postcss

  fast-xml-parser@4.4.1:
    dependencies:
      strnum: 1.0.5

  fastparse@1.1.2: {}

  generic-pool@3.9.0: {}

  mnemonist@0.38.3:
    dependencies:
      obliterator: 1.6.1

  nanoid@3.3.8: {}

  obliterator@1.6.1: {}

  picocolors@1.1.1: {}

  postcss-js@4.0.1(postcss@8.5.1):
    dependencies:
      camelcase-css: 2.0.1
      postcss: 8.5.1

  postcss@8.5.1:
    dependencies:
      nanoid: 3.3.8
      picocolors: 1.1.1
      source-map-js: 1.2.1

  react@19.0.0: {}

  redis@4.7.0:
    dependencies:
      '@redis/bloom': 1.2.0(@redis/client@1.6.0)
      '@redis/client': 1.6.0
      '@redis/graph': 1.1.1(@redis/client@1.6.0)
      '@redis/json': 1.0.7(@redis/client@1.6.0)
      '@redis/search': 1.2.0(@redis/client@1.6.0)
      '@redis/time-series': 1.1.0(@redis/client@1.6.0)

  source-map-js@1.2.1: {}

  strnum@1.0.5: {}

  tslib@2.8.1: {}

  use-debounce@10.0.4(react@19.0.0):
    dependencies:
      react: 19.0.0

  uuid@9.0.1: {}

  yallist@4.0.0: {}
